
Microsoft Visual Studio Solution File, Format Version 12.00
# Visual Studio Version 17
VisualStudioVersion = 17.8.34330.188
MinimumVisualStudioVersion = 10.0.40219.1
Project("{FAE04EC0-301F-11D3-BF4B-00C04F79EFBC}") = "ToDo_Tasker", "ToDo_Tasker\ToDo_Tasker.csproj", "{FDA3945A-B85F-4EDF-8723-A55459140E68}"
EndProject
Project("{FAE04EC0-301F-11D3-BF4B-00C04F79EFBC}") = "ToDo_Tasker_clr", "ToDo_Tasker_clr\ToDo_Tasker_clr.csproj", "{C07036F5-435A-43AD-986A-CAE559C76BFA}"
EndProject
Global
	GlobalSection(SolutionConfigurationPlatforms) = preSolution
		Debug|Any CPU = Debug|Any CPU
		Release|Any CPU = Release|Any CPU
	EndGlobalSection
	GlobalSection(ProjectConfigurationPlatforms) = postSolution
		{FDA3945A-B85F-4EDF-8723-A55459140E68}.Debug|Any CPU.ActiveCfg = Debug|Any CPU
		{FDA3945A-B85F-4EDF-8723-A55459140E68}.Debug|Any CPU.Build.0 = Debug|Any CPU
		{FDA3945A-B85F-4EDF-8723-A55459140E68}.Release|Any CPU.ActiveCfg = Release|Any CPU
		{FDA3945A-B85F-4EDF-8723-A55459140E68}.Release|Any CPU.Build.0 = Release|Any CPU
		{C07036F5-435A-43AD-986A-CAE559C76BFA}.Debug|Any CPU.ActiveCfg = Debug|Any CPU
		{C07036F5-435A-43AD-986A-CAE559C76BFA}.Debug|Any CPU.Build.0 = Debug|Any CPU
		{C07036F5-435A-43AD-986A-CAE559C76BFA}.Release|Any CPU.ActiveCfg = Release|Any CPU
		{C07036F5-435A-43AD-986A-CAE559C76BFA}.Release|Any CPU.Build.0 = Release|Any CPU
	EndGlobalSection
	GlobalSection(SolutionProperties) = preSolution
		HideSolutionNode = FALSE
	EndGlobalSection
	GlobalSection(ExtensibilityGlobals) = postSolution
		SolutionGuid = {5E57F8FE-4B08-4445-8A8E-2E08560528C4}
	EndGlobalSection
EndGlobal
